
Microsoft Visual Studio Solution File, Format Version 12.00
# Visual Studio Version 16
VisualStudioVersion = 16.0.30104.148
MinimumVisualStudioVersion = 10.0.40219.1
Project("{FAE04EC0-301F-11D3-BF4B-00C04F79EFBC}") = "WindowsFormsApp1", "WindowsFormsApp1\WindowsFormsApp1.csproj", "{60CDDA8C-A9C8-4992-8A6B-18FC605643C3}"
EndProject
Global
	GlobalSection(SolutionConfigurationPlatforms) = preSolution
		Debug|Any CPU = Debug|Any CPU
		Release|Any CPU = Release|Any CPU
	EndGlobalSection
	GlobalSection(ProjectConfigurationPlatforms) = postSolution
		{60CDDA8C-A9C8-4992-8A6B-18FC605643C3}.Debug|Any CPU.ActiveCfg = Debug|Any CPU
		{60CDDA8C-A9C8-4992-8A6B-18FC605643C3}.Debug|Any CPU.Build.0 = Debug|Any CPU
		{60CDDA8C-A9C8-4992-8A6B-18FC605643C3}.Release|Any CPU.ActiveCfg = Release|Any CPU
		{60CDDA8C-A9C8-4992-8A6B-18FC605643C3}.Release|Any CPU.Build.0 = Release|Any CPU
	EndGlobalSection
	GlobalSection(SolutionProperties) = preSolution
		HideSolutionNode = FALSE
	EndGlobalSection
	GlobalSection(ExtensibilityGlobals) = postSolution
		SolutionGuid = {8EDD02D1-B048-42BC-A98F-2A5E6CF34D13}
	EndGlobalSection
EndGlobal
